
Microsoft Visual Studio Solution File, Format Version 12.00
# Visual Studio Version 17
VisualStudioVersion = 17.6.33815.320
MinimumVisualStudioVersion = 10.0.40219.1
Project("{FAE04EC0-301F-11D3-BF4B-00C04F79EFBC}") = "Winform Image Downsider", "Winform Image Downsider\Winform Image Downsider.csproj", "{CC435AD4-E0DB-4BC4-889E-A2EB964E7934}"
EndProject
Global
	GlobalSection(SolutionConfigurationPlatforms) = preSolution
		Debug|Any CPU = Debug|Any CPU
		Release|Any CPU = Release|Any CPU
	EndGlobalSection
	GlobalSection(ProjectConfigurationPlatforms) = postSolution
		{CC435AD4-E0DB-4BC4-889E-A2EB964E7934}.Debug|Any CPU.ActiveCfg = Debug|Any CPU
		{CC435AD4-E0DB-4BC4-889E-A2EB964E7934}.Debug|Any CPU.Build.0 = Debug|Any CPU
		{CC435AD4-E0DB-4BC4-889E-A2EB964E7934}.Release|Any CPU.ActiveCfg = Release|Any CPU
		{CC435AD4-E0DB-4BC4-889E-A2EB964E7934}.Release|Any CPU.Build.0 = Release|Any CPU
	EndGlobalSection
	GlobalSection(SolutionProperties) = preSolution
		HideSolutionNode = FALSE
	EndGlobalSection
	GlobalSection(ExtensibilityGlobals) = postSolution
		SolutionGuid = {2034D49C-ACF2-4A57-BA6E-18F470080F39}
	EndGlobalSection
EndGlobal
